
Microsoft Visual Studio Solution File, Format Version 12.00
# Visual Studio 14
Project("{FAE04EC0-301F-11D3-BF4B-00C04F79EFBC}") = "FlexRadarIntro", "FlexRadarIntro\FlexRadarIntro.csproj", "{EFD968D9-A5CB-4310-8616-71DDD48D02C8}"
EndProject
Global
	GlobalSection(SolutionConfigurationPlatforms) = preSolution
		Debug|Any CPU = Debug|Any CPU
		Evaluation|Any CPU = Evaluation|Any CPU
		Release|Any CPU = Release|Any CPU
		Standard|Any CPU = Standard|Any CPU
		StandardEvaluation|Any CPU = StandardEvaluation|Any CPU
	EndGlobalSection
	GlobalSection(ProjectConfigurationPlatforms) = postSolution
		{EFD968D9-A5CB-4310-8616-71DDD48D02C8}.Debug|Any CPU.ActiveCfg = Debug|Any CPU
		{EFD968D9-A5CB-4310-8616-71DDD48D02C8}.Debug|Any CPU.Build.0 = Debug|Any CPU
		{EFD968D9-A5CB-4310-8616-71DDD48D02C8}.Evaluation|Any CPU.ActiveCfg = Debug|Any CPU
		{EFD968D9-A5CB-4310-8616-71DDD48D02C8}.Evaluation|Any CPU.Build.0 = Debug|Any CPU
		{EFD968D9-A5CB-4310-8616-71DDD48D02C8}.Release|Any CPU.ActiveCfg = Release|Any CPU
		{EFD968D9-A5CB-4310-8616-71DDD48D02C8}.Release|Any CPU.Build.0 = Release|Any CPU
		{EFD968D9-A5CB-4310-8616-71DDD48D02C8}.Standard|Any CPU.ActiveCfg = Debug|Any CPU
		{EFD968D9-A5CB-4310-8616-71DDD48D02C8}.Standard|Any CPU.Build.0 = Debug|Any CPU
		{EFD968D9-A5CB-4310-8616-71DDD48D02C8}.StandardEvaluation|Any CPU.ActiveCfg = Debug|Any CPU
		{EFD968D9-A5CB-4310-8616-71DDD48D02C8}.StandardEvaluation|Any CPU.Build.0 = Debug|Any CPU
	EndGlobalSection
	GlobalSection(SolutionProperties) = preSolution
		HideSolutionNode = FALSE
	EndGlobalSection
EndGlobal
