
Microsoft Visual Studio Solution File, Format Version 12.00
# Visual Studio 14
Project("{FAE04EC0-301F-11D3-BF4B-00C04F79EFBC}") = "ColumnPicker", "ColumnPicker\ColumnPicker.csproj", "{2A26834C-F4E6-4C39-B23D-28966E2DBB6B}"
EndProject
Global
	GlobalSection(SolutionConfigurationPlatforms) = preSolution
		Debug|Any CPU = Debug|Any CPU
		Evaluation|Any CPU = Evaluation|Any CPU
		Release|Any CPU = Release|Any CPU
		Standard|Any CPU = Standard|Any CPU
		StandardEvaluation|Any CPU = StandardEvaluation|Any CPU
	EndGlobalSection
	GlobalSection(ProjectConfigurationPlatforms) = postSolution
		{2A26834C-F4E6-4C39-B23D-28966E2DBB6B}.Debug|Any CPU.ActiveCfg = Debug|Any CPU
		{2A26834C-F4E6-4C39-B23D-28966E2DBB6B}.Debug|Any CPU.Build.0 = Debug|Any CPU
		{2A26834C-F4E6-4C39-B23D-28966E2DBB6B}.Evaluation|Any CPU.ActiveCfg = Release|Any CPU
		{2A26834C-F4E6-4C39-B23D-28966E2DBB6B}.Evaluation|Any CPU.Build.0 = Release|Any CPU
		{2A26834C-F4E6-4C39-B23D-28966E2DBB6B}.Release|Any CPU.ActiveCfg = Release|Any CPU
		{2A26834C-F4E6-4C39-B23D-28966E2DBB6B}.Release|Any CPU.Build.0 = Release|Any CPU
		{2A26834C-F4E6-4C39-B23D-28966E2DBB6B}.Standard|Any CPU.ActiveCfg = Release|Any CPU
		{2A26834C-F4E6-4C39-B23D-28966E2DBB6B}.Standard|Any CPU.Build.0 = Release|Any CPU
		{2A26834C-F4E6-4C39-B23D-28966E2DBB6B}.StandardEvaluation|Any CPU.ActiveCfg = Release|Any CPU
		{2A26834C-F4E6-4C39-B23D-28966E2DBB6B}.StandardEvaluation|Any CPU.Build.0 = Release|Any CPU
	EndGlobalSection
	GlobalSection(SolutionProperties) = preSolution
		HideSolutionNode = FALSE
	EndGlobalSection
EndGlobal
