
Microsoft Visual Studio Solution File, Format Version 12.00
# Visual Studio 14
Project("{FAE04EC0-301F-11D3-BF4B-00C04F79EFBC}") = "ServerCollectionView", "ServerCollectionView\ServerCollectionView.csproj", "{50A5D8CA-E301-4924-891B-DD20798121E9}"
EndProject
Global
	GlobalSection(SolutionConfigurationPlatforms) = preSolution
		Debug|Any CPU = Debug|Any CPU
		Evaluation|Any CPU = Evaluation|Any CPU
		Release|Any CPU = Release|Any CPU
		Standard|Any CPU = Standard|Any CPU
		StandardEvaluation|Any CPU = StandardEvaluation|Any CPU
	EndGlobalSection
	GlobalSection(ProjectConfigurationPlatforms) = postSolution
		{50A5D8CA-E301-4924-891B-DD20798121E9}.Debug|Any CPU.ActiveCfg = Debug|Any CPU
		{50A5D8CA-E301-4924-891B-DD20798121E9}.Debug|Any CPU.Build.0 = Debug|Any CPU
		{50A5D8CA-E301-4924-891B-DD20798121E9}.Evaluation|Any CPU.ActiveCfg = Release|Any CPU
		{50A5D8CA-E301-4924-891B-DD20798121E9}.Evaluation|Any CPU.Build.0 = Release|Any CPU
		{50A5D8CA-E301-4924-891B-DD20798121E9}.Release|Any CPU.ActiveCfg = Release|Any CPU
		{50A5D8CA-E301-4924-891B-DD20798121E9}.Release|Any CPU.Build.0 = Release|Any CPU
		{50A5D8CA-E301-4924-891B-DD20798121E9}.Standard|Any CPU.ActiveCfg = Release|Any CPU
		{50A5D8CA-E301-4924-891B-DD20798121E9}.Standard|Any CPU.Build.0 = Release|Any CPU
		{50A5D8CA-E301-4924-891B-DD20798121E9}.StandardEvaluation|Any CPU.ActiveCfg = Release|Any CPU
		{50A5D8CA-E301-4924-891B-DD20798121E9}.StandardEvaluation|Any CPU.Build.0 = Release|Any CPU
	EndGlobalSection
	GlobalSection(SolutionProperties) = preSolution
		HideSolutionNode = FALSE
	EndGlobalSection
EndGlobal
