
Microsoft Visual Studio Solution File, Format Version 12.00
# Visual Studio 14
Project("{FAE04EC0-301F-11D3-BF4B-00C04F79EFBC}") = "ReportViewerIntro", "ReportViewerIntro\ReportViewerIntro.csproj", "{E0435B7C-E8EC-41B9-89E1-E99BCF49698D}"
EndProject
Global
	GlobalSection(SolutionConfigurationPlatforms) = preSolution
		Debug|Any CPU = Debug|Any CPU
		Evaluation|Any CPU = Evaluation|Any CPU
		Release|Any CPU = Release|Any CPU
		Standard|Any CPU = Standard|Any CPU
		StandardEvaluation|Any CPU = StandardEvaluation|Any CPU
	EndGlobalSection
	GlobalSection(ProjectConfigurationPlatforms) = postSolution
		{E0435B7C-E8EC-41B9-89E1-E99BCF49698D}.Debug|Any CPU.ActiveCfg = Debug|Any CPU
		{E0435B7C-E8EC-41B9-89E1-E99BCF49698D}.Debug|Any CPU.Build.0 = Debug|Any CPU
		{E0435B7C-E8EC-41B9-89E1-E99BCF49698D}.Evaluation|Any CPU.ActiveCfg = Release|Any CPU
		{E0435B7C-E8EC-41B9-89E1-E99BCF49698D}.Evaluation|Any CPU.Build.0 = Release|Any CPU
		{E0435B7C-E8EC-41B9-89E1-E99BCF49698D}.Release|Any CPU.ActiveCfg = Release|Any CPU
		{E0435B7C-E8EC-41B9-89E1-E99BCF49698D}.Release|Any CPU.Build.0 = Release|Any CPU
		{E0435B7C-E8EC-41B9-89E1-E99BCF49698D}.Standard|Any CPU.ActiveCfg = Release|Any CPU
		{E0435B7C-E8EC-41B9-89E1-E99BCF49698D}.Standard|Any CPU.Build.0 = Release|Any CPU
		{E0435B7C-E8EC-41B9-89E1-E99BCF49698D}.StandardEvaluation|Any CPU.ActiveCfg = Release|Any CPU
		{E0435B7C-E8EC-41B9-89E1-E99BCF49698D}.StandardEvaluation|Any CPU.Build.0 = Release|Any CPU
	EndGlobalSection
	GlobalSection(SolutionProperties) = preSolution
		HideSolutionNode = FALSE
	EndGlobalSection
EndGlobal
